
Microsoft Visual Studio Solution File, Format Version 12.00
# Visual Studio Version 17
VisualStudioVersion = 17.14.36127.28 d17.14
MinimumVisualStudioVersion = 10.0.40219.1
Project("{FAE04EC0-301F-11D3-BF4B-00C04F79EFBC}") = "Api", "Api.csproj", "{5E16B34E-5904-4A69-AB3E-18D10DAF7318}"
EndProject
Project("{FAE04EC0-301F-11D3-BF4B-00C04F79EFBC}") = "Application", "..\Application\Application.csproj", "{23372481-4D41-4091-9A55-53B181DCB68C}"
EndProject
Project("{FAE04EC0-301F-11D3-BF4B-00C04F79EFBC}") = "Contracts", "..\Contracts\Contracts.csproj", "{5884282A-2270-4A28-820A-011BED01C7E7}"
EndProject
Project("{FAE04EC0-301F-11D3-BF4B-00C04F79EFBC}") = "Domain", "..\Domain\Domain.csproj", "{BF1147ED-E1FA-4DCE-A04E-084D813FF807}"
EndProject
Project("{FAE04EC0-301F-11D3-BF4B-00C04F79EFBC}") = "Infrastructure", "..\Infrastructure\Infrastructure.csproj", "{7A1FD31A-8BE8-4B63-AD88-9833E39ABADA}"
EndProject
Global
	GlobalSection(SolutionConfigurationPlatforms) = preSolution
		Debug|Any CPU = Debug|Any CPU
		Release|Any CPU = Release|Any CPU
	EndGlobalSection
	GlobalSection(ProjectConfigurationPlatforms) = postSolution
		{5E16B34E-5904-4A69-AB3E-18D10DAF7318}.Debug|Any CPU.ActiveCfg = Debug|Any CPU
		{5E16B34E-5904-4A69-AB3E-18D10DAF7318}.Debug|Any CPU.Build.0 = Debug|Any CPU
		{5E16B34E-5904-4A69-AB3E-18D10DAF7318}.Release|Any CPU.ActiveCfg = Release|Any CPU
		{5E16B34E-5904-4A69-AB3E-18D10DAF7318}.Release|Any CPU.Build.0 = Release|Any CPU
		{23372481-4D41-4091-9A55-53B181DCB68C}.Debug|Any CPU.ActiveCfg = Debug|Any CPU
		{23372481-4D41-4091-9A55-53B181DCB68C}.Debug|Any CPU.Build.0 = Debug|Any CPU
		{23372481-4D41-4091-9A55-53B181DCB68C}.Release|Any CPU.ActiveCfg = Release|Any CPU
		{23372481-4D41-4091-9A55-53B181DCB68C}.Release|Any CPU.Build.0 = Release|Any CPU
		{5884282A-2270-4A28-820A-011BED01C7E7}.Debug|Any CPU.ActiveCfg = Debug|Any CPU
		{5884282A-2270-4A28-820A-011BED01C7E7}.Debug|Any CPU.Build.0 = Debug|Any CPU
		{5884282A-2270-4A28-820A-011BED01C7E7}.Release|Any CPU.ActiveCfg = Release|Any CPU
		{5884282A-2270-4A28-820A-011BED01C7E7}.Release|Any CPU.Build.0 = Release|Any CPU
		{BF1147ED-E1FA-4DCE-A04E-084D813FF807}.Debug|Any CPU.ActiveCfg = Debug|Any CPU
		{BF1147ED-E1FA-4DCE-A04E-084D813FF807}.Debug|Any CPU.Build.0 = Debug|Any CPU
		{BF1147ED-E1FA-4DCE-A04E-084D813FF807}.Release|Any CPU.ActiveCfg = Release|Any CPU
		{BF1147ED-E1FA-4DCE-A04E-084D813FF807}.Release|Any CPU.Build.0 = Release|Any CPU
		{7A1FD31A-8BE8-4B63-AD88-9833E39ABADA}.Debug|Any CPU.ActiveCfg = Debug|Any CPU
		{7A1FD31A-8BE8-4B63-AD88-9833E39ABADA}.Debug|Any CPU.Build.0 = Debug|Any CPU
		{7A1FD31A-8BE8-4B63-AD88-9833E39ABADA}.Release|Any CPU.ActiveCfg = Release|Any CPU
		{7A1FD31A-8BE8-4B63-AD88-9833E39ABADA}.Release|Any CPU.Build.0 = Release|Any CPU
	EndGlobalSection
	GlobalSection(SolutionProperties) = preSolution
		HideSolutionNode = FALSE
	EndGlobalSection
	GlobalSection(ExtensibilityGlobals) = postSolution
		SolutionGuid = {1E5930E2-7FD1-4D1E-A39D-8E9DAD9208D2}
	EndGlobalSection
EndGlobal
